
Microsoft Visual Studio Solution File, Format Version 12.00
# Visual Studio 15
VisualStudioVersion = 15.0.28307.757
MinimumVisualStudioVersion = 10.0.40219.1
Project("{9A19103F-16F7-4668-BE54-9A1E7A4F7556}") = "ConsolePong", "ConsolePong.csproj", "{877AE82E-E9DB-4E00-A892-1FC9D021FDF0}"
EndProject
Global
	GlobalSection(SolutionConfigurationPlatforms) = preSolution
		Debug|Any CPU = Debug|Any CPU
		Release|Any CPU = Release|Any CPU
	EndGlobalSection
	GlobalSection(ProjectConfigurationPlatforms) = postSolution
		{877AE82E-E9DB-4E00-A892-1FC9D021FDF0}.Debug|Any CPU.ActiveCfg = Debug|Any CPU
		{877AE82E-E9DB-4E00-A892-1FC9D021FDF0}.Debug|Any CPU.Build.0 = Debug|Any CPU
		{877AE82E-E9DB-4E00-A892-1FC9D021FDF0}.Release|Any CPU.ActiveCfg = Release|Any CPU
		{877AE82E-E9DB-4E00-A892-1FC9D021FDF0}.Release|Any CPU.Build.0 = Release|Any CPU
	EndGlobalSection
	GlobalSection(SolutionProperties) = preSolution
		HideSolutionNode = FALSE
	EndGlobalSection
	GlobalSection(ExtensibilityGlobals) = postSolution
		SolutionGuid = {78CB9621-DCCD-4B93-90B5-119207B5EF4A}
	EndGlobalSection
EndGlobal
